{
  "name": "Pro0428-LocalEventBackend",
  "lockfileVersion": 3,
  "requires": true,
  "packages": {
    "": {
      "dependencies": {
        "deno": "^2.2.12"
      }
    },
    "node_modules/@deno/darwin-arm64": {
      "version": "2.2.12",
      "resolved": "https://registry.npmjs.org/@deno/darwin-arm64/-/darwin-arm64-2.2.12.tgz",
      "integrity": "sha512-wa/eEE3NxQCynjrKC+DOWajcUpfcsF7ZYcGSRhcfVqVjA9ivx+768gRz2N88+NL6k4tHrLtWwpH2R3X7CIkxhg==",
      "cpu": [
        "arm64"
      ],
      "license": "MIT",
      "optional": true,
      "os": [
        "darwin"
      ]
    },
    "node_modules/@deno/darwin-x64": {
      "version": "2.2.12",
      "resolved": "https://registry.npmjs.org/@deno/darwin-x64/-/darwin-x64-2.2.12.tgz",
      "integrity": "sha512-p3rpDtni++GCFIUtyZnJMldji5jSEprFW/Oxq2ELv/vpnisCOtKxqPqRIFDEOBleMv+Kbn29IEjzsua+Cs/ZqQ==",
      "cpu": [
        "x64"
      ],
      "license": "MIT",
      "optional": true,
      "os": [
        "darwin"
      ]
    },
    "node_modules/@deno/linux-arm64-glibc": {
      "version": "2.2.12",
      "resolved": "https://registry.npmjs.org/@deno/linux-arm64-glibc/-/linux-arm64-glibc-2.2.12.tgz",
      "integrity": "sha512-dwcz8iZ+8RFsWjXLINvXhMLDF0bj5b9iyRtqjbZyHuO/GYjYzE1VS+bnTd+GTnHdUkmYRpycW9F72+SS2pFELw==",
      "cpu": [
        "arm64"
      ],
      "license": "MIT",
      "optional": true,
      "os": [
        "linux"
      ]
    },
    "node_modules/@deno/linux-x64-glibc": {
      "version": "2.2.12",
      "resolved": "https://registry.npmjs.org/@deno/linux-x64-glibc/-/linux-x64-glibc-2.2.12.tgz",
      "integrity": "sha512-LLPfOE8JxJ0RpTLqLbOjmyBElCq6N2S2VyJaprOfWc2ZmzxHNTw0A0q4CcdSzQkzzkxnznIEQM1l9Ic7ygB8eQ==",
      "cpu": [
        "x64"
      ],
      "license": "MIT",
      "optional": true,
      "os": [
        "linux"
      ]
    },
    "node_modules/@deno/win32-arm64": {
      "version": "2.2.12",
      "resolved": "https://registry.npmjs.org/@deno/win32-arm64/-/win32-arm64-2.2.12.tgz",
      "integrity": "sha512-qAG+MtnkVxT1wJKikNEPK5KHD1K6HewQHDIWQHxzu/6qbUJAv3GS7Na56msgg9GmRAFQ784c9XD9IFnODKwIdQ==",
      "cpu": [
        "arm64"
      ],
      "license": "MIT",
      "optional": true,
      "os": [
        "win32"
      ]
    },
    "node_modules/@deno/win32-x64": {
      "version": "2.2.12",
      "resolved": "https://registry.npmjs.org/@deno/win32-x64/-/win32-x64-2.2.12.tgz",
      "integrity": "sha512-FTKAtS+t29rGEdfNnL1dcpYzifrqDHSeiwCw+zUb5W4HvKtSnu4S1k06aKiZpuiZpHtEaroS+6VWWHVM8vFlXQ==",
      "cpu": [
        "x64"
      ],
      "license": "MIT",
      "optional": true,
      "os": [
        "win32"
      ]
    },
    "node_modules/deno": {
      "version": "2.2.12",
      "resolved": "https://registry.npmjs.org/deno/-/deno-2.2.12.tgz",
      "integrity": "sha512-+uvh18hg2HxVrDNDNcplS6GKFjLwqMBqjm2dR6usyQVwgrZEOPlSwdEpm8uYo8RkX9srrDLW45W5trsikmShsw==",
      "hasInstallScript": true,
      "license": "MIT",
      "bin": {
        "deno": "bin.cjs"
      },
      "optionalDependencies": {
        "@deno/darwin-arm64": "2.2.12",
        "@deno/darwin-x64": "2.2.12",
        "@deno/linux-arm64-glibc": "2.2.12",
        "@deno/linux-x64-glibc": "2.2.12",
        "@deno/win32-arm64": "2.2.12",
        "@deno/win32-x64": "2.2.12"
      }
    }
  }
}
